// !$*UTF8*$!
{
	archiveVersion = 1;
	classes = {
	};
	objectVersion = 77;
	objects = {

/* Begin PBXContainerItemProxy section */
		374F2E9B2D37F8D6008B2051 /* PBXContainerItemProxy */ = {
			isa = PBXContainerItemProxy;
			containerPortal = 374F2E792D37F8D4008B2051 /* Project object */;
			proxyType = 1;
			remoteGlobalIDString = 374F2E802D37F8D4008B2051;
			remoteInfo = MyMovieAppMickle;
		};
		374F2EA52D37F8D6008B2051 /* PBXContainerItemProxy */ = {
			isa = PBXContainerItemProxy;
			containerPortal = 374F2E792D37F8D4008B2051 /* Project object */;
			proxyType = 1;
			remoteGlobalIDString = 374F2E802D37F8D4008B2051;
			remoteInfo = MyMovieAppMickle;
		};
/* End PBXContainerItemProxy section */

/* Begin PBXFileReference section */
		374F2E812D37F8D4008B2051 /* MyMovieAppMickle.app */ = {isa = PBXFileReference; explicitFileType = wrapper.application; includeInIndex = 0; path = MyMovieAppMickle.app; sourceTree = BUILT_PRODUCTS_DIR; };
		374F2E9A2D37F8D6008B2051 /* MyMovieAppMickleTests.xctest */ = {isa = PBXFileReference; explicitFileType = wrapper.cfbundle; includeInIndex = 0; path = MyMovieAppMickleTests.xctest; sourceTree = BUILT_PRODUCTS_DIR; };
		374F2EA42D37F8D6008B2051 /* MyMovieAppMickleUITests.xctest */ = {isa = PBXFileReference; explicitFileType = wrapper.cfbundle; includeInIndex = 0; path = MyMovieAppMickleUITests.xctest; sourceTree = BUILT_PRODUCTS_DIR; };
/* End PBXFileReference section */

/* Begin PBXFileSystemSynchronizedBuildFileExceptionSet section */
		374F2EAC2D37F8D6008B2051 /* Exceptions for "MyMovieAppMickle" folder in "MyMovieAppMickle" target */ = {
			isa = PBXFileSystemSynchronizedBuildFileExceptionSet;
			membershipExceptions = (
				Info.plist,
			);
			target = 374F2E802D37F8D4008B2051 /* MyMovieAppMickle */;
		};
/* End PBXFileSystemSynchronizedBuildFileExceptionSet section */

/* Begin PBXFileSystemSynchronizedRootGroup section */
		374F2E832D37F8D4008B2051 /* MyMovieAppMickle */ = {
			isa = PBXFileSystemSynchronizedRootGroup;
			exceptions = (
				374F2EAC2D37F8D6008B2051 /* Exceptions for "MyMovieAppMickle" folder in "MyMovieAppMickle" target */,
			);
			path = MyMovieAppMickle;
			sourceTree = "<group>";
		};
		374F2E9D2D37F8D6008B2051 /* MyMovieAppMickleTests */ = {
			isa = PBXFileSystemSynchronizedRootGroup;
			path = MyMovieAppMickleTests;
			sourceTree = "<group>";
		};
		374F2EA72D37F8D6008B2051 /* MyMovieAppMickleUITests */ = {
			isa = PBXFileSystemSynchronizedRootGroup;
			path = MyMovieAppMickleUITests;
			sourceTree = "<group>";
		};
/* End PBXFileSystemSynchronizedRootGroup section */

/* Begin PBXFrameworksBuildPhase section */
		374F2E7E2D37F8D4008B2051 /* Frameworks */ = {
			isa = PBXFrameworksBuildPhase;
			buildActionMask = 2147483647;
			files = (
			);
			runOnlyForDeploymentPostprocessing = 0;
		};
		374F2E972D37F8D6008B2051 /* Frameworks */ = {
			isa = PBXFrameworksBuildPhase;
			buildActionMask = 2147483647;
			files = (
			);
			runOnlyForDeploymentPostprocessing = 0;
		};
		374F2EA12D37F8D6008B2051 /* Frameworks */ = {
			isa = PBXFrameworksBuildPhase;
			buildActionMask = 2147483647;
			files = (
			);
			runOnlyForDeploymentPostprocessing = 0;
		};
/* End PBXFrameworksBuildPhase section */

/* Begin PBXGroup section */
		374F2E782D37F8D4008B2051 = {
			isa = PBXGroup;
			children = (
				374F2E832D37F8D4008B2051 /* MyMovieAppMickle */,
				374F2E9D2D37F8D6008B2051 /* MyMovieAppMickleTests */,
				374F2EA72D37F8D6008B2051 /* MyMovieAppMickleUITests */,
				374F2E822D37F8D4008B2051 /* Products */,
			);
			sourceTree = "<group>";
		};
		374F2E822D37F8D4008B2051 /* Products */ = {
			isa = PBXGroup;
			children = (
				374F2E812D37F8D4008B2051 /* MyMovieAppMickle.app */,
				374F2E9A2D37F8D6008B2051 /* MyMovieAppMickleTests.xctest */,
				374F2EA42D37F8D6008B2051 /* MyMovieAppMickleUITests.xctest */,
			);
			name = Products;
			sourceTree = "<group>";
		};
/* End PBXGroup section */

/* Begin PBXNativeTarget section */
		374F2E802D37F8D4008B2051 /* MyMovieAppMickle */ = {
			isa = PBXNativeTarget;
			buildConfigurationList = 374F2EAD2D37F8D6008B2051 /* Build configuration list for PBXNativeTarget "MyMovieAppMickle" */;
			buildPhases = (
				374F2E7D2D37F8D4008B2051 /* Sources */,
				374F2E7E2D37F8D4008B2051 /* Frameworks */,
				374F2E7F2D37F8D4008B2051 /* Resources */,
			);
			buildRules = (
			);
			dependencies = (
			);
			fileSystemSynchronizedGroups = (
				374F2E832D37F8D4008B2051 /* MyMovieAppMickle */,
			);
			name = MyMovieAppMickle;
			packageProductDependencies = (
			);
			productName = MyMovieAppMickle;
			productReference = 374F2E812D37F8D4008B2051 /* MyMovieAppMickle.app */;
			productType = "com.apple.product-type.application";
		};
		374F2E992D37F8D6008B2051 /* MyMovieAppMickleTests */ = {
			isa = PBXNativeTarget;
			buildConfigurationList = 374F2EB22D37F8D6008B2051 /* Build configuration list for PBXNativeTarget "MyMovieAppMickleTests" */;
			buildPhases = (
				374F2E962D37F8D6008B2051 /* Sources */,
				374F2E972D37F8D6008B2051 /* Frameworks */,
				374F2E982D37F8D6008B2051 /* Resources */,
			);
			buildRules = (
			);
			dependencies = (
				374F2E9C2D37F8D6008B2051 /* PBXTargetDependency */,
			);
			fileSystemSynchronizedGroups = (
				374F2E9D2D37F8D6008B2051 /* MyMovieAppMickleTests */,
			);
			name = MyMovieAppMickleTests;
			packageProductDependencies = (
			);
			productName = MyMovieAppMickleTests;
			productReference = 374F2E9A2D37F8D6008B2051 /* MyMovieAppMickleTests.xctest */;
			productType = "com.apple.product-type.bundle.unit-test";
		};
		374F2EA32D37F8D6008B2051 /* MyMovieAppMickleUITests */ = {
			isa = PBXNativeTarget;
			buildConfigurationList = 374F2EB52D37F8D6008B2051 /* Build configuration list for PBXNativeTarget "MyMovieAppMickleUITests" */;
			buildPhases = (
				374F2EA02D37F8D6008B2051 /* Sources */,
				374F2EA12D37F8D6008B2051 /* Frameworks */,
				374F2EA22D37F8D6008B2051 /* Resources */,
			);
			buildRules = (
			);
			dependencies = (
				374F2EA62D37F8D6008B2051 /* PBXTargetDependency */,
			);
			fileSystemSynchronizedGroups = (
				374F2EA72D37F8D6008B2051 /* MyMovieAppMickleUITests */,
			);
			name = MyMovieAppMickleUITests;
			packageProductDependencies = (
			);
			productName = MyMovieAppMickleUITests;
			productReference = 374F2EA42D37F8D6008B2051 /* MyMovieAppMickleUITests.xctest */;
			productType = "com.apple.product-type.bundle.ui-testing";
		};
/* End PBXNativeTarget section */

/* Begin PBXProject section */
		374F2E792D37F8D4008B2051 /* Project object */ = {
			isa = PBXProject;
			attributes = {
				BuildIndependentTargetsInParallel = 1;
				LastSwiftUpdateCheck = 1620;
				LastUpgradeCheck = 1620;
				TargetAttributes = {
					374F2E802D37F8D4008B2051 = {
						CreatedOnToolsVersion = 16.2;
					};
					374F2E992D37F8D6008B2051 = {
						CreatedOnToolsVersion = 16.2;
						TestTargetID = 374F2E802D37F8D4008B2051;
					};
					374F2EA32D37F8D6008B2051 = {
						CreatedOnToolsVersion = 16.2;
						TestTargetID = 374F2E802D37F8D4008B2051;
					};
				};
			};
			buildConfigurationList = 374F2E7C2D37F8D4008B2051 /* Build configuration list for PBXProject "MyMovieAppMickle" */;
			developmentRegion = en;
			hasScannedForEncodings = 0;
			knownRegions = (
				en,
				Base,
			);
			mainGroup = 374F2E782D37F8D4008B2051;
			minimizedProjectReferenceProxies = 1;
			preferredProjectObjectVersion = 77;
			productRefGroup = 374F2E822D37F8D4008B2051 /* Products */;
			projectDirPath = "";
			projectRoot = "";
			targets = (
				374F2E802D37F8D4008B2051 /* MyMovieAppMickle */,
				374F2E992D37F8D6008B2051 /* MyMovieAppMickleTests */,
				374F2EA32D37F8D6008B2051 /* MyMovieAppMickleUITests */,
			);
		};
/* End PBXProject section */

/* Begin PBXResourcesBuildPhase section */
		374F2E7F2D37F8D4008B2051 /* Resources */ = {
			isa = PBXResourcesBuildPhase;
			buildActionMask = 2147483647;
			files = (
			);
			runOnlyForDeploymentPostprocessing = 0;
		};
		374F2E982D37F8D6008B2051 /* Resources */ = {
			isa = PBXResourcesBuildPhase;
			buildActionMask = 2147483647;
			files = (
			);
			runOnlyForDeploymentPostprocessing = 0;
		};
		374F2EA22D37F8D6008B2051 /* Resources */ = {
			isa = PBXResourcesBuildPhase;
			buildActionMask = 2147483647;
			files = (
			);
			runOnlyForDeploymentPostprocessing = 0;
		};
/* End PBXResourcesBuildPhase section */

/* Begin PBXSourcesBuildPhase section */
		374F2E7D2D37F8D4008B2051 /* Sources */ = {
			isa = PBXSourcesBuildPhase;
			buildActionMask = 2147483647;
			files = (
			);
			runOnlyForDeploymentPostprocessing = 0;
		};
		374F2E962D37F8D6008B2051 /* Sources */ = {
			isa = PBXSourcesBuildPhase;
			buildActionMask = 2147483647;
			files = (
			);
			runOnlyForDeploymentPostprocessing = 0;
		};
		374F2EA02D37F8D6008B2051 /* Sources */ = {
			isa = PBXSourcesBuildPhase;
			buildActionMask = 2147483647;
			files = (
			);
			runOnlyForDeploymentPostprocessing = 0;
		};
/* End PBXSourcesBuildPhase section */

/* Begin PBXTargetDependency section */
		374F2E9C2D37F8D6008B2051 /* PBXTargetDependency */ = {
			isa = PBXTargetDependency;
			target = 374F2E802D37F8D4008B2051 /* MyMovieAppMickle */;
			targetProxy = 374F2E9B2D37F8D6008B2051 /* PBXContainerItemProxy */;
		};
		374F2EA62D37F8D6008B2051 /* PBXTargetDependency */ = {
			isa = PBXTargetDependency;
			target = 374F2E802D37F8D4008B2051 /* MyMovieAppMickle */;
			targetProxy = 374F2EA52D37F8D6008B2051 /* PBXContainerItemProxy */;
		};
/* End PBXTargetDependency section */

/* Begin XCBuildConfiguration section */
		374F2EAE2D37F8D6008B2051 /* Debug */ = {
			isa = XCBuildConfiguration;
			buildSettings = {
				ASSETCATALOG_COMPILER_APPICON_NAME = AppIcon;
				ASSETCATALOG_COMPILER_GLOBAL_ACCENT_COLOR_NAME = AccentColor;
				CODE_SIGN_STYLE = Automatic;
				CURRENT_PROJECT_VERSION = 1;
				GENERATE_INFOPLIST_FILE = YES;
				INFOPLIST_FILE = MyMovieAppMickle/Info.plist;
				INFOPLIST_KEY_UIApplicationSupportsIndirectInputEvents = YES;
				INFOPLIST_KEY_UILaunchStoryboardName = LaunchScreen;
				INFOPLIST_KEY_UIMainStoryboardFile = Main;
				INFOPLIST_KEY_UISupportedInterfaceOrientations_iPad = "UIInterfaceOrientationPortrait UIInterfaceOrientationPortraitUpsideDown UIInterfaceOrientationLandscapeLeft UIInterfaceOrientationLandscapeRight";
				INFOPLIST_KEY_UISupportedInterfaceOrientations_iPhone = "UIInterfaceOrientationPortrait UIInterfaceOrientationLandscapeLeft UIInterfaceOrientationLandscapeRight";
				LD_RUNPATH_SEARCH_PATHS = (
					"$(inherited)",
					"@executable_path/Frameworks",
				);
				MARKETING_VERSION = 1.0;
				PRODUCT_BUNDLE_IDENTIFIER = CLC.MyMovieAppMickle;
				PRODUCT_NAME = "$(TARGET_NAME)";
				SWIFT_EMIT_LOC_STRINGS = YES;
				SWIFT_VERSION = 5.0;
				TARGETED_DEVICE_FAMILY = "1,2";
			};
			name = Debug;
		};
		374F2EAF2D37F8D6008B2051 /* Release */ = {
			isa = XCBuildConfiguration;
			buildSettings = {
				ASSETCATALOG_COMPILER_APPICON_NAME = AppIcon;
				ASSETCATALOG_COMPILER_GLOBAL_ACCENT_COLOR_NAME = AccentColor;
				CODE_SIGN_STYLE = Automatic;
				CURRENT_PROJECT_VERSION = 1;
				GENERATE_INFOPLIST_FILE = YES;
				INFOPLIST_FILE = MyMovieAppMickle/Info.plist;
				INFOPLIST_KEY_UIApplicationSupportsIndirectInputEvents = YES;
				INFOPLIST_KEY_UILaunchStoryboardName = LaunchScreen;
				INFOPLIST_KEY_UIMainStoryboardFile = Main;
				INFOPLIST_KEY_UISupportedInterfaceOrientations_iPad = "UIInterfaceOrientationPortrait UIInterfaceOrientationPortraitUpsideDown UIInterfaceOrientationLandscapeLeft UIInterfaceOrientationLandscapeRight";
				INFOPLIST_KEY_UISupportedInterfaceOrientations_iPhone = "UIInterfaceOrientationPortrait UIInterfaceOrientationLandscapeLeft UIInterfaceOrientationLandscapeRight";
				LD_RUNPATH_SEARCH_PATHS = (
					"$(inherited)",
					"@executable_path/Frameworks",
				);
				MARKETING_VERSION = 1.0;
				PRODUCT_BUNDLE_IDENTIFIER = CLC.MyMovieAppMickle;
				PRODUCT_NAME = "$(TARGET_NAME)";
				SWIFT_EMIT_LOC_STRINGS = YES;
				SWIFT_VERSION = 5.0;
				TARGETED_DEVICE_FAMILY = "1,2";
			};
			name = Release;
		};
		374F2EB02D37F8D6008B2051 /* Debug */ = {
			isa = XCBuildConfiguration;
			buildSettings = {
				ALWAYS_SEARCH_USER_PATHS = NO;
				ASSETCATALOG_COMPILER_GENERATE_SWIFT_ASSET_SYMBOL_EXTENSIONS = YES;
				CLANG_ANALYZER_NONNULL = YES;
				CLANG_ANALYZER_NUMBER_OBJECT_CONVERSION = YES_AGGRESSIVE;
				CLANG_CXX_LANGUAGE_STANDARD = "gnu++20";
				CLANG_ENABLE_MODULES = YES;
				CLANG_ENABLE_OBJC_ARC = YES;
				CLANG_ENABLE_OBJC_WEAK = YES;
				CLANG_WARN_BLOCK_CAPTURE_AUTORELEASING = YES;
				CLANG_WARN_BOOL_CONVERSION = YES;
				CLANG_WARN_COMMA = YES;
				CLANG_WARN_CONSTANT_CONVERSION = YES;
				CLANG_WARN_DEPRECATED_OBJC_IMPLEMENTATIONS = YES;
				CLANG_WARN_DIRECT_OBJC_ISA_USAGE = YES_ERROR;
				CLANG_WARN_DOCUMENTATION_COMMENTS = YES;
				CLANG_WARN_EMPTY_BODY = YES;
				CLANG_WARN_ENUM_CONVERSION = YES;
				CLANG_WARN_INFINITE_RECURSION = YES;
				CLANG_WARN_INT_CONVERSION = YES;
				CLANG_WARN_NON_LITERAL_NULL_CONVERSION = YES;
				CLANG_WARN_OBJC_IMPLICIT_RETAIN_SELF = YES;
				CLANG_WARN_OBJC_LITERAL_CONVERSION = YES;
				CLANG_WARN_OBJC_ROOT_CLASS = YES_ERROR;
				CLANG_WARN_QUOTED_INCLUDE_IN_FRAMEWORK_HEADER = YES;
				CLANG_WARN_RANGE_LOOP_ANALYSIS = YES;
				CLANG_WARN_STRICT_PROTOTYPES = YES;
				CLANG_WARN_SUSPICIOUS_MOVE = YES;
				CLANG_WARN_UNGUARDED_AVAILABILITY = YES_AGGRESSIVE;
				CLANG_WARN_UNREACHABLE_CODE = YES;
				CLANG_WARN__DUPLICATE_METHOD_MATCH = YES;
				COPY_PHASE_STRIP = NO;
				DEBUG_INFORMATION_FORMAT = dwarf;
				ENABLE_STRICT_OBJC_MSGSEND = YES;
				ENABLE_TESTABILITY = YES;
				ENABLE_USER_SCRIPT_SANDBOXING = YES;
				GCC_C_LANGUAGE_STANDARD = gnu17;
				GCC_DYNAMIC_NO_PIC = NO;
				GCC_NO_COMMON_BLOCKS = YES;
				GCC_OPTIMIZATION_LEVEL = 0;
				GCC_PREPROCESSOR_DEFINITIONS = (
					"DEBUG=1",
					"$(inherited)",
				);
				GCC_WARN_64_TO_32_BIT_CONVERSION = YES;
				GCC_WARN_ABOUT_RETURN_TYPE = YES_ERROR;
				GCC_WARN_UNDECLARED_SELECTOR = YES;
				GCC_WARN_UNINITIALIZED_AUTOS = YES_AGGRESSIVE;
				GCC_WARN_UNUSED_FUNCTION = YES;
				GCC_WARN_UNUSED_VARIABLE = YES;
				IPHONEOS_DEPLOYMENT_TARGET = 18.2;
				LOCALIZATION_PREFERS_STRING_CATALOGS = YES;
				MTL_ENABLE_DEBUG_INFO = INCLUDE_SOURCE;
				MTL_FAST_MATH = YES;
				ONLY_ACTIVE_ARCH = YES;
				SDKROOT = iphoneos;
				SWIFT_ACTIVE_COMPILATION_CONDITIONS = "DEBUG $(inherited)";
				SWIFT_OPTIMIZATION_LEVEL = "-Onone";
			};
			name = Debug;
		};
		374F2EB12D37F8D6008B2051 /* Release */ = {
			isa = XCBuildConfiguration;
			buildSettings = {
				ALWAYS_SEARCH_USER_PATHS = NO;
				ASSETCATALOG_COMPILER_GENERATE_SWIFT_ASSET_SYMBOL_EXTENSIONS = YES;
				CLANG_ANALYZER_NONNULL = YES;
				CLANG_ANALYZER_NUMBER_OBJECT_CONVERSION = YES_AGGRESSIVE;
				CLANG_CXX_LANGUAGE_STANDARD = "gnu++20";
				CLANG_ENABLE_MODULES = YES;
				CLANG_ENABLE_OBJC_ARC = YES;
				CLANG_ENABLE_OBJC_WEAK = YES;
				CLANG_WARN_BLOCK_CAPTURE_AUTORELEASING = YES;
				CLANG_WARN_BOOL_CONVERSION = YES;
				CLANG_WARN_COMMA = YES;
				CLANG_WARN_CONSTANT_CONVERSION = YES;
				CLANG_WARN_DEPRECATED_OBJC_IMPLEMENTATIONS = YES;
				CLANG_WARN_DIRECT_OBJC_ISA_USAGE = YES_ERROR;
				CLANG_WARN_DOCUMENTATION_COMMENTS = YES;
				CLANG_WARN_EMPTY_BODY = YES;
				CLANG_WARN_ENUM_CONVERSION = YES;
				CLANG_WARN_INFINITE_RECURSION = YES;
				CLANG_WARN_INT_CONVERSION = YES;
				CLANG_WARN_NON_LITERAL_NULL_CONVERSION = YES;
				CLANG_WARN_OBJC_IMPLICIT_RETAIN_SELF = YES;
				CLANG_WARN_OBJC_LITERAL_CONVERSION = YES;
				CLANG_WARN_OBJC_ROOT_CLASS = YES_ERROR;
				CLANG_WARN_QUOTED_INCLUDE_IN_FRAMEWORK_HEADER = YES;
				CLANG_WARN_RANGE_LOOP_ANALYSIS = YES;
				CLANG_WARN_STRICT_PROTOTYPES = YES;
				CLANG_WARN_SUSPICIOUS_MOVE = YES;
				CLANG_WARN_UNGUARDED_AVAILABILITY = YES_AGGRESSIVE;
				CLANG_WARN_UNREACHABLE_CODE = YES;
				CLANG_WARN__DUPLICATE_METHOD_MATCH = YES;
				COPY_PHASE_STRIP = NO;
				DEBUG_INFORMATION_FORMAT = "dwarf-with-dsym";
				ENABLE_NS_ASSERTIONS = NO;
				ENABLE_STRICT_OBJC_MSGSEND = YES;
				ENABLE_USER_SCRIPT_SANDBOXING = YES;
				GCC_C_LANGUAGE_STANDARD = gnu17;
				GCC_NO_COMMON_BLOCKS = YES;
				GCC_WARN_64_TO_32_BIT_CONVERSION = YES;
				GCC_WARN_ABOUT_RETURN_TYPE = YES_ERROR;
				GCC_WARN_UNDECLARED_SELECTOR = YES;
				GCC_WARN_UNINITIALIZED_AUTOS = YES_AGGRESSIVE;
				GCC_WARN_UNUSED_FUNCTION = YES;
				GCC_WARN_UNUSED_VARIABLE = YES;
				IPHONEOS_DEPLOYMENT_TARGET = 18.2;
				LOCALIZATION_PREFERS_STRING_CATALOGS = YES;
				MTL_ENABLE_DEBUG_INFO = NO;
				MTL_FAST_MATH = YES;
				SDKROOT = iphoneos;
				SWIFT_COMPILATION_MODE = wholemodule;
				VALIDATE_PRODUCT = YES;
			};
			name = Release;
		};
		374F2EB32D37F8D6008B2051 /* Debug */ = {
			isa = XCBuildConfiguration;
			buildSettings = {
				BUNDLE_LOADER = "$(TEST_HOST)";
				CODE_SIGN_STYLE = Automatic;
				CURRENT_PROJECT_VERSION = 1;
				GENERATE_INFOPLIST_FILE = YES;
				IPHONEOS_DEPLOYMENT_TARGET = 18.2;
				MARKETING_VERSION = 1.0;
				PRODUCT_BUNDLE_IDENTIFIER = CLC.MyMovieAppMickleTests;
				PRODUCT_NAME = "$(TARGET_NAME)";
				SWIFT_EMIT_LOC_STRINGS = NO;
				SWIFT_VERSION = 5.0;
				TARGETED_DEVICE_FAMILY = "1,2";
				TEST_HOST = "$(BUILT_PRODUCTS_DIR)/MyMovieAppMickle.app/$(BUNDLE_EXECUTABLE_FOLDER_PATH)/MyMovieAppMickle";
			};
			name = Debug;
		};
		374F2EB42D37F8D6008B2051 /* Release */ = {
			isa = XCBuildConfiguration;
			buildSettings = {
				BUNDLE_LOADER = "$(TEST_HOST)";
				CODE_SIGN_STYLE = Automatic;
				CURRENT_PROJECT_VERSION = 1;
				GENERATE_INFOPLIST_FILE = YES;
				IPHONEOS_DEPLOYMENT_TARGET = 18.2;
				MARKETING_VERSION = 1.0;
				PRODUCT_BUNDLE_IDENTIFIER = CLC.MyMovieAppMickleTests;
				PRODUCT_NAME = "$(TARGET_NAME)";
				SWIFT_EMIT_LOC_STRINGS = NO;
				SWIFT_VERSION = 5.0;
				TARGETED_DEVICE_FAMILY = "1,2";
				TEST_HOST = "$(BUILT_PRODUCTS_DIR)/MyMovieAppMickle.app/$(BUNDLE_EXECUTABLE_FOLDER_PATH)/MyMovieAppMickle";
			};
			name = Release;
		};
		374F2EB62D37F8D6008B2051 /* Debug */ = {
			isa = XCBuildConfiguration;
			buildSettings = {
				CODE_SIGN_STYLE = Automatic;
				CURRENT_PROJECT_VERSION = 1;
				GENERATE_INFOPLIST_FILE = YES;
				MARKETING_VERSION = 1.0;
				PRODUCT_BUNDLE_IDENTIFIER = CLC.MyMovieAppMickleUITests;
				PRODUCT_NAME = "$(TARGET_NAME)";
				SWIFT_EMIT_LOC_STRINGS = NO;
				SWIFT_VERSION = 5.0;
				TARGETED_DEVICE_FAMILY = "1,2";
				TEST_TARGET_NAME = MyMovieAppMickle;
			};
			name = Debug;
		};
		374F2EB72D37F8D6008B2051 /* Release */ = {
			isa = XCBuildConfiguration;
			buildSettings = {
				CODE_SIGN_STYLE = Automatic;
				CURRENT_PROJECT_VERSION = 1;
				GENERATE_INFOPLIST_FILE = YES;
				MARKETING_VERSION = 1.0;
				PRODUCT_BUNDLE_IDENTIFIER = CLC.MyMovieAppMickleUITests;
				PRODUCT_NAME = "$(TARGET_NAME)";
				SWIFT_EMIT_LOC_STRINGS = NO;
				SWIFT_VERSION = 5.0;
				TARGETED_DEVICE_FAMILY = "1,2";
				TEST_TARGET_NAME = MyMovieAppMickle;
			};
			name = Release;
		};
/* End XCBuildConfiguration section */

/* Begin XCConfigurationList section */
		374F2E7C2D37F8D4008B2051 /* Build configuration list for PBXProject "MyMovieAppMickle" */ = {
			isa = XCConfigurationList;
			buildConfigurations = (
				374F2EB02D37F8D6008B2051 /* Debug */,
				374F2EB12D37F8D6008B2051 /* Release */,
			);
			defaultConfigurationIsVisible = 0;
			defaultConfigurationName = Release;
		};
		374F2EAD2D37F8D6008B2051 /* Build configuration list for PBXNativeTarget "MyMovieAppMickle" */ = {
			isa = XCConfigurationList;
			buildConfigurations = (
				374F2EAE2D37F8D6008B2051 /* Debug */,
				374F2EAF2D37F8D6008B2051 /* Release */,
			);
			defaultConfigurationIsVisible = 0;
			defaultConfigurationName = Release;
		};
		374F2EB22D37F8D6008B2051 /* Build configuration list for PBXNativeTarget "MyMovieAppMickleTests" */ = {
			isa = XCConfigurationList;
			buildConfigurations = (
				374F2EB32D37F8D6008B2051 /* Debug */,
				374F2EB42D37F8D6008B2051 /* Release */,
			);
			defaultConfigurationIsVisible = 0;
			defaultConfigurationName = Release;
		};
		374F2EB52D37F8D6008B2051 /* Build configuration list for PBXNativeTarget "MyMovieAppMickleUITests" */ = {
			isa = XCConfigurationList;
			buildConfigurations = (
				374F2EB62D37F8D6008B2051 /* Debug */,
				374F2EB72D37F8D6008B2051 /* Release */,
			);
			defaultConfigurationIsVisible = 0;
			defaultConfigurationName = Release;
		};
/* End XCConfigurationList section */
	};
	rootObject = 374F2E792D37F8D4008B2051 /* Project object */;
}
